
Microsoft Visual Studio Solution File, Format Version 12.00
# Visual Studio Version 17
VisualStudioVersion = 17.1.32328.378
MinimumVisualStudioVersion = 10.0.40219.1
Project("{8BC9CEB8-8B4A-11D0-8D11-00A0C91BC942}") = "Metaverse_01_LevelTest", "Metaverse_01_LevelTest\Metaverse_01_LevelTest.vcxproj", "{03218848-6554-4EE7-ADDB-DB32F5AF9338}"
EndProject
Global
	GlobalSection(SolutionConfigurationPlatforms) = preSolution
		Debug|x64 = Debug|x64
		Debug|x86 = Debug|x86
		Release|x64 = Release|x64
		Release|x86 = Release|x86
	EndGlobalSection
	GlobalSection(ProjectConfigurationPlatforms) = postSolution
		{03218848-6554-4EE7-ADDB-DB32F5AF9338}.Debug|x64.ActiveCfg = Debug|x64
		{03218848-6554-4EE7-ADDB-DB32F5AF9338}.Debug|x64.Build.0 = Debug|x64
		{03218848-6554-4EE7-ADDB-DB32F5AF9338}.Debug|x86.ActiveCfg = Debug|Win32
		{03218848-6554-4EE7-ADDB-DB32F5AF9338}.Debug|x86.Build.0 = Debug|Win32
		{03218848-6554-4EE7-ADDB-DB32F5AF9338}.Release|x64.ActiveCfg = Release|x64
		{03218848-6554-4EE7-ADDB-DB32F5AF9338}.Release|x64.Build.0 = Release|x64
		{03218848-6554-4EE7-ADDB-DB32F5AF9338}.Release|x86.ActiveCfg = Release|Win32
		{03218848-6554-4EE7-ADDB-DB32F5AF9338}.Release|x86.Build.0 = Release|Win32
	EndGlobalSection
	GlobalSection(SolutionProperties) = preSolution
		HideSolutionNode = FALSE
	EndGlobalSection
	GlobalSection(ExtensibilityGlobals) = postSolution
		SolutionGuid = {D3B01CD3-5721-4E59-AA66-2727DCD46F48}
	EndGlobalSection
EndGlobal
